// !$*UTF8*$!
{
	archiveVersion = 1;
	classes = {
	};
	objectVersion = 56;
	objects = {

/* Begin PBXBuildFile section */
		A18653D62B2E12D7007CA426 /* DestinationCardView.swift in Sources */ = {isa = PBXBuildFile; fileRef = A18653D52B2E12D7007CA426 /* DestinationCardView.swift */; };
		A18653D82B2E13F7007CA426 /* DownloadedImageView.swift in Sources */ = {isa = PBXBuildFile; fileRef = A18653D72B2E13F7007CA426 /* DownloadedImageView.swift */; };
		A18653DA2B2E1A32007CA426 /* ButtonDesign.swift in Sources */ = {isa = PBXBuildFile; fileRef = A18653D92B2E1A32007CA426 /* ButtonDesign.swift */; };
		A18653DC2B2E1E4B007CA426 /* DetailCardView.swift in Sources */ = {isa = PBXBuildFile; fileRef = A18653DB2B2E1E4B007CA426 /* DetailCardView.swift */; };
		A1CE7E832B29FFC40089D10B /* Assignment28_swiftUI_navigationApp.swift in Sources */ = {isa = PBXBuildFile; fileRef = A1CE7E822B29FFC40089D10B /* Assignment28_swiftUI_navigationApp.swift */; };
		A1CE7E852B29FFC40089D10B /* MainScreen.swift in Sources */ = {isa = PBXBuildFile; fileRef = A1CE7E842B29FFC40089D10B /* MainScreen.swift */; };
		A1CE7E872B29FFC50089D10B /* Assets.xcassets in Resources */ = {isa = PBXBuildFile; fileRef = A1CE7E862B29FFC50089D10B /* Assets.xcassets */; };
		A1CE7E8A2B29FFC50089D10B /* Preview Assets.xcassets in Resources */ = {isa = PBXBuildFile; fileRef = A1CE7E892B29FFC50089D10B /* Preview Assets.xcassets */; };
		A1CE7E942B2A03540089D10B /* GenericNetworkLayer in Frameworks */ = {isa = PBXBuildFile; productRef = A1CE7E932B2A03540089D10B /* GenericNetworkLayer */; };
		A1CE7E962B2A07050089D10B /* DestinationModel.swift in Sources */ = {isa = PBXBuildFile; fileRef = A1CE7E952B2A07050089D10B /* DestinationModel.swift */; };
		A1CE7E982B2A08110089D10B /* MainScreenViewModel.swift in Sources */ = {isa = PBXBuildFile; fileRef = A1CE7E972B2A08110089D10B /* MainScreenViewModel.swift */; };
		A1CE7E9A2B2A226B0089D10B /* DestinationDetailScreen.swift in Sources */ = {isa = PBXBuildFile; fileRef = A1CE7E992B2A226B0089D10B /* DestinationDetailScreen.swift */; };
		A1CE7E9C2B2A2A8D0089D10B /* TransportDetailsScreen.swift in Sources */ = {isa = PBXBuildFile; fileRef = A1CE7E9B2B2A2A8D0089D10B /* TransportDetailsScreen.swift */; };
		A1CE7E9E2B2A2B600089D10B /* MustSeeDetailScreen.swift in Sources */ = {isa = PBXBuildFile; fileRef = A1CE7E9D2B2A2B600089D10B /* MustSeeDetailScreen.swift */; };
		A1CE7EA02B2A2B9D0089D10B /* HotelDetailScreen.swift in Sources */ = {isa = PBXBuildFile; fileRef = A1CE7E9F2B2A2B9D0089D10B /* HotelDetailScreen.swift */; };
/* End PBXBuildFile section */

/* Begin PBXFileReference section */
		A18653D52B2E12D7007CA426 /* DestinationCardView.swift */ = {isa = PBXFileReference; lastKnownFileType = sourcecode.swift; path = DestinationCardView.swift; sourceTree = "<group>"; };
		A18653D72B2E13F7007CA426 /* DownloadedImageView.swift */ = {isa = PBXFileReference; lastKnownFileType = sourcecode.swift; path = DownloadedImageView.swift; sourceTree = "<group>"; };
		A18653D92B2E1A32007CA426 /* ButtonDesign.swift */ = {isa = PBXFileReference; lastKnownFileType = sourcecode.swift; path = ButtonDesign.swift; sourceTree = "<group>"; };
		A18653DB2B2E1E4B007CA426 /* DetailCardView.swift */ = {isa = PBXFileReference; lastKnownFileType = sourcecode.swift; path = DetailCardView.swift; sourceTree = "<group>"; };
		A1CE7E7F2B29FFC40089D10B /* Assignment28-swiftUI-navigation.app */ = {isa = PBXFileReference; explicitFileType = wrapper.application; includeInIndex = 0; path = "Assignment28-swiftUI-navigation.app"; sourceTree = BUILT_PRODUCTS_DIR; };
		A1CE7E822B29FFC40089D10B /* Assignment28_swiftUI_navigationApp.swift */ = {isa = PBXFileReference; lastKnownFileType = sourcecode.swift; path = Assignment28_swiftUI_navigationApp.swift; sourceTree = "<group>"; };
		A1CE7E842B29FFC40089D10B /* MainScreen.swift */ = {isa = PBXFileReference; lastKnownFileType = sourcecode.swift; path = MainScreen.swift; sourceTree = "<group>"; };
		A1CE7E862B29FFC50089D10B /* Assets.xcassets */ = {isa = PBXFileReference; lastKnownFileType = folder.assetcatalog; path = Assets.xcassets; sourceTree = "<group>"; };
		A1CE7E892B29FFC50089D10B /* Preview Assets.xcassets */ = {isa = PBXFileReference; lastKnownFileType = folder.assetcatalog; path = "Preview Assets.xcassets"; sourceTree = "<group>"; };
		A1CE7E952B2A07050089D10B /* DestinationModel.swift */ = {isa = PBXFileReference; lastKnownFileType = sourcecode.swift; path = DestinationModel.swift; sourceTree = "<group>"; };
		A1CE7E972B2A08110089D10B /* MainScreenViewModel.swift */ = {isa = PBXFileReference; lastKnownFileType = sourcecode.swift; path = MainScreenViewModel.swift; sourceTree = "<group>"; };
		A1CE7E992B2A226B0089D10B /* DestinationDetailScreen.swift */ = {isa = PBXFileReference; lastKnownFileType = sourcecode.swift; path = DestinationDetailScreen.swift; sourceTree = "<group>"; };
		A1CE7E9B2B2A2A8D0089D10B /* TransportDetailsScreen.swift */ = {isa = PBXFileReference; lastKnownFileType = sourcecode.swift; path = TransportDetailsScreen.swift; sourceTree = "<group>"; };
		A1CE7E9D2B2A2B600089D10B /* MustSeeDetailScreen.swift */ = {isa = PBXFileReference; lastKnownFileType = sourcecode.swift; path = MustSeeDetailScreen.swift; sourceTree = "<group>"; };
		A1CE7E9F2B2A2B9D0089D10B /* HotelDetailScreen.swift */ = {isa = PBXFileReference; lastKnownFileType = sourcecode.swift; path = HotelDetailScreen.swift; sourceTree = "<group>"; };
/* End PBXFileReference section */

/* Begin PBXFrameworksBuildPhase section */
		A1CE7E7C2B29FFC40089D10B /* Frameworks */ = {
			isa = PBXFrameworksBuildPhase;
			buildActionMask = 2147483647;
			files = (
				A1CE7E942B2A03540089D10B /* GenericNetworkLayer in Frameworks */,
			);
			runOnlyForDeploymentPostprocessing = 0;
		};
/* End PBXFrameworksBuildPhase section */

/* Begin PBXGroup section */
		A18653CC2B2DB85D007CA426 /* Model */ = {
			isa = PBXGroup;
			children = (
				A1CE7E952B2A07050089D10B /* DestinationModel.swift */,
			);
			path = Model;
			sourceTree = "<group>";
		};
		A18653CD2B2DB87B007CA426 /* ViewModel */ = {
			isa = PBXGroup;
			children = (
				A1CE7E972B2A08110089D10B /* MainScreenViewModel.swift */,
			);
			path = ViewModel;
			sourceTree = "<group>";
		};
		A18653CE2B2DB893007CA426 /* Screens */ = {
			isa = PBXGroup;
			children = (
				A1CE7E842B29FFC40089D10B /* MainScreen.swift */,
				A1CE7E992B2A226B0089D10B /* DestinationDetailScreen.swift */,
				A18653CF2B2DB8C5007CA426 /* Details */,
			);
			path = Screens;
			sourceTree = "<group>";
		};
		A18653CF2B2DB8C5007CA426 /* Details */ = {
			isa = PBXGroup;
			children = (
				A1CE7E9B2B2A2A8D0089D10B /* TransportDetailsScreen.swift */,
				A1CE7E9D2B2A2B600089D10B /* MustSeeDetailScreen.swift */,
				A1CE7E9F2B2A2B9D0089D10B /* HotelDetailScreen.swift */,
			);
			path = Details;
			sourceTree = "<group>";
		};
		A18653D02B2DB8FD007CA426 /* App */ = {
			isa = PBXGroup;
			children = (
				A1CE7E822B29FFC40089D10B /* Assignment28_swiftUI_navigationApp.swift */,
			);
			path = App;
			sourceTree = "<group>";
		};
		A18653D42B2E12AC007CA426 /* Views */ = {
			isa = PBXGroup;
			children = (
				A18653D92B2E1A32007CA426 /* ButtonDesign.swift */,
				A18653D72B2E13F7007CA426 /* DownloadedImageView.swift */,
				A18653D52B2E12D7007CA426 /* DestinationCardView.swift */,
				A18653DB2B2E1E4B007CA426 /* DetailCardView.swift */,
			);
			path = Views;
			sourceTree = "<group>";
		};
		A1CE7E762B29FFC40089D10B = {
			isa = PBXGroup;
			children = (
				A1CE7E812B29FFC40089D10B /* Assignment28-swiftUI-navigation */,
				A1CE7E802B29FFC40089D10B /* Products */,
			);
			sourceTree = "<group>";
		};
		A1CE7E802B29FFC40089D10B /* Products */ = {
			isa = PBXGroup;
			children = (
				A1CE7E7F2B29FFC40089D10B /* Assignment28-swiftUI-navigation.app */,
			);
			name = Products;
			sourceTree = "<group>";
		};
		A1CE7E812B29FFC40089D10B /* Assignment28-swiftUI-navigation */ = {
			isa = PBXGroup;
			children = (
				A18653D02B2DB8FD007CA426 /* App */,
				A18653CC2B2DB85D007CA426 /* Model */,
				A18653CD2B2DB87B007CA426 /* ViewModel */,
				A18653CE2B2DB893007CA426 /* Screens */,
				A18653D42B2E12AC007CA426 /* Views */,
				A1CE7E862B29FFC50089D10B /* Assets.xcassets */,
				A1CE7E882B29FFC50089D10B /* Preview Content */,
			);
			path = "Assignment28-swiftUI-navigation";
			sourceTree = "<group>";
		};
		A1CE7E882B29FFC50089D10B /* Preview Content */ = {
			isa = PBXGroup;
			children = (
				A1CE7E892B29FFC50089D10B /* Preview Assets.xcassets */,
			);
			path = "Preview Content";
			sourceTree = "<group>";
		};
/* End PBXGroup section */

/* Begin PBXNativeTarget section */
		A1CE7E7E2B29FFC40089D10B /* Assignment28-swiftUI-navigation */ = {
			isa = PBXNativeTarget;
			buildConfigurationList = A1CE7E8D2B29FFC50089D10B /* Build configuration list for PBXNativeTarget "Assignment28-swiftUI-navigation" */;
			buildPhases = (
				A1CE7E7B2B29FFC40089D10B /* Sources */,
				A1CE7E7C2B29FFC40089D10B /* Frameworks */,
				A1CE7E7D2B29FFC40089D10B /* Resources */,
			);
			buildRules = (
			);
			dependencies = (
			);
			name = "Assignment28-swiftUI-navigation";
			packageProductDependencies = (
				A1CE7E932B2A03540089D10B /* GenericNetworkLayer */,
			);
			productName = "Assignment28-swiftUI-navigation";
			productReference = A1CE7E7F2B29FFC40089D10B /* Assignment28-swiftUI-navigation.app */;
			productType = "com.apple.product-type.application";
		};
/* End PBXNativeTarget section */

/* Begin PBXProject section */
		A1CE7E772B29FFC40089D10B /* Project object */ = {
			isa = PBXProject;
			attributes = {
				BuildIndependentTargetsInParallel = 1;
				LastSwiftUpdateCheck = 1500;
				LastUpgradeCheck = 1500;
				TargetAttributes = {
					A1CE7E7E2B29FFC40089D10B = {
						CreatedOnToolsVersion = 15.0.1;
					};
				};
			};
			buildConfigurationList = A1CE7E7A2B29FFC40089D10B /* Build configuration list for PBXProject "Assignment28-swiftUI-navigation" */;
			compatibilityVersion = "Xcode 14.0";
			developmentRegion = en;
			hasScannedForEncodings = 0;
			knownRegions = (
				en,
				Base,
			);
			mainGroup = A1CE7E762B29FFC40089D10B;
			packageReferences = (
				A1CE7E922B2A03540089D10B /* XCRemoteSwiftPackageReference "GenericNetworkLayer" */,
			);
			productRefGroup = A1CE7E802B29FFC40089D10B /* Products */;
			projectDirPath = "";
			projectRoot = "";
			targets = (
				A1CE7E7E2B29FFC40089D10B /* Assignment28-swiftUI-navigation */,
			);
		};
/* End PBXProject section */

/* Begin PBXResourcesBuildPhase section */
		A1CE7E7D2B29FFC40089D10B /* Resources */ = {
			isa = PBXResourcesBuildPhase;
			buildActionMask = 2147483647;
			files = (
				A1CE7E8A2B29FFC50089D10B /* Preview Assets.xcassets in Resources */,
				A1CE7E872B29FFC50089D10B /* Assets.xcassets in Resources */,
			);
			runOnlyForDeploymentPostprocessing = 0;
		};
/* End PBXResourcesBuildPhase section */

/* Begin PBXSourcesBuildPhase section */
		A1CE7E7B2B29FFC40089D10B /* Sources */ = {
			isa = PBXSourcesBuildPhase;
			buildActionMask = 2147483647;
			files = (
				A18653D82B2E13F7007CA426 /* DownloadedImageView.swift in Sources */,
				A1CE7E852B29FFC40089D10B /* MainScreen.swift in Sources */,
				A1CE7EA02B2A2B9D0089D10B /* HotelDetailScreen.swift in Sources */,
				A18653D62B2E12D7007CA426 /* DestinationCardView.swift in Sources */,
				A1CE7E982B2A08110089D10B /* MainScreenViewModel.swift in Sources */,
				A1CE7E832B29FFC40089D10B /* Assignment28_swiftUI_navigationApp.swift in Sources */,
				A1CE7E9A2B2A226B0089D10B /* DestinationDetailScreen.swift in Sources */,
				A18653DC2B2E1E4B007CA426 /* DetailCardView.swift in Sources */,
				A18653DA2B2E1A32007CA426 /* ButtonDesign.swift in Sources */,
				A1CE7E9C2B2A2A8D0089D10B /* TransportDetailsScreen.swift in Sources */,
				A1CE7E962B2A07050089D10B /* DestinationModel.swift in Sources */,
				A1CE7E9E2B2A2B600089D10B /* MustSeeDetailScreen.swift in Sources */,
			);
			runOnlyForDeploymentPostprocessing = 0;
		};
/* End PBXSourcesBuildPhase section */

/* Begin XCBuildConfiguration section */
		A1CE7E8B2B29FFC50089D10B /* Debug */ = {
			isa = XCBuildConfiguration;
			buildSettings = {
				ALWAYS_SEARCH_USER_PATHS = NO;
				ASSETCATALOG_COMPILER_GENERATE_SWIFT_ASSET_SYMBOL_EXTENSIONS = YES;
				CLANG_ANALYZER_NONNULL = YES;
				CLANG_ANALYZER_NUMBER_OBJECT_CONVERSION = YES_AGGRESSIVE;
				CLANG_CXX_LANGUAGE_STANDARD = "gnu++20";
				CLANG_ENABLE_MODULES = YES;
				CLANG_ENABLE_OBJC_ARC = YES;
				CLANG_ENABLE_OBJC_WEAK = YES;
				CLANG_WARN_BLOCK_CAPTURE_AUTORELEASING = YES;
				CLANG_WARN_BOOL_CONVERSION = YES;
				CLANG_WARN_COMMA = YES;
				CLANG_WARN_CONSTANT_CONVERSION = YES;
				CLANG_WARN_DEPRECATED_OBJC_IMPLEMENTATIONS = YES;
				CLANG_WARN_DIRECT_OBJC_ISA_USAGE = YES_ERROR;
				CLANG_WARN_DOCUMENTATION_COMMENTS = YES;
				CLANG_WARN_EMPTY_BODY = YES;
				CLANG_WARN_ENUM_CONVERSION = YES;
				CLANG_WARN_INFINITE_RECURSION = YES;
				CLANG_WARN_INT_CONVERSION = YES;
				CLANG_WARN_NON_LITERAL_NULL_CONVERSION = YES;
				CLANG_WARN_OBJC_IMPLICIT_RETAIN_SELF = YES;
				CLANG_WARN_OBJC_LITERAL_CONVERSION = YES;
				CLANG_WARN_OBJC_ROOT_CLASS = YES_ERROR;
				CLANG_WARN_QUOTED_INCLUDE_IN_FRAMEWORK_HEADER = YES;
				CLANG_WARN_RANGE_LOOP_ANALYSIS = YES;
				CLANG_WARN_STRICT_PROTOTYPES = YES;
				CLANG_WARN_SUSPICIOUS_MOVE = YES;
				CLANG_WARN_UNGUARDED_AVAILABILITY = YES_AGGRESSIVE;
				CLANG_WARN_UNREACHABLE_CODE = YES;
				CLANG_WARN__DUPLICATE_METHOD_MATCH = YES;
				COPY_PHASE_STRIP = NO;
				DEBUG_INFORMATION_FORMAT = dwarf;
				ENABLE_STRICT_OBJC_MSGSEND = YES;
				ENABLE_TESTABILITY = YES;
				ENABLE_USER_SCRIPT_SANDBOXING = YES;
				GCC_C_LANGUAGE_STANDARD = gnu17;
				GCC_DYNAMIC_NO_PIC = NO;
				GCC_NO_COMMON_BLOCKS = YES;
				GCC_OPTIMIZATION_LEVEL = 0;
				GCC_PREPROCESSOR_DEFINITIONS = (
					"DEBUG=1",
					"$(inherited)",
				);
				GCC_WARN_64_TO_32_BIT_CONVERSION = YES;
				GCC_WARN_ABOUT_RETURN_TYPE = YES_ERROR;
				GCC_WARN_UNDECLARED_SELECTOR = YES;
				GCC_WARN_UNINITIALIZED_AUTOS = YES_AGGRESSIVE;
				GCC_WARN_UNUSED_FUNCTION = YES;
				GCC_WARN_UNUSED_VARIABLE = YES;
				IPHONEOS_DEPLOYMENT_TARGET = 17.0;
				LOCALIZATION_PREFERS_STRING_CATALOGS = YES;
				MTL_ENABLE_DEBUG_INFO = INCLUDE_SOURCE;
				MTL_FAST_MATH = YES;
				ONLY_ACTIVE_ARCH = YES;
				SDKROOT = iphoneos;
				SWIFT_ACTIVE_COMPILATION_CONDITIONS = "DEBUG $(inherited)";
				SWIFT_OPTIMIZATION_LEVEL = "-Onone";
			};
			name = Debug;
		};
		A1CE7E8C2B29FFC50089D10B /* Release */ = {
			isa = XCBuildConfiguration;
			buildSettings = {
				ALWAYS_SEARCH_USER_PATHS = NO;
				ASSETCATALOG_COMPILER_GENERATE_SWIFT_ASSET_SYMBOL_EXTENSIONS = YES;
				CLANG_ANALYZER_NONNULL = YES;
				CLANG_ANALYZER_NUMBER_OBJECT_CONVERSION = YES_AGGRESSIVE;
				CLANG_CXX_LANGUAGE_STANDARD = "gnu++20";
				CLANG_ENABLE_MODULES = YES;
				CLANG_ENABLE_OBJC_ARC = YES;
				CLANG_ENABLE_OBJC_WEAK = YES;
				CLANG_WARN_BLOCK_CAPTURE_AUTORELEASING = YES;
				CLANG_WARN_BOOL_CONVERSION = YES;
				CLANG_WARN_COMMA = YES;
				CLANG_WARN_CONSTANT_CONVERSION = YES;
				CLANG_WARN_DEPRECATED_OBJC_IMPLEMENTATIONS = YES;
				CLANG_WARN_DIRECT_OBJC_ISA_USAGE = YES_ERROR;
				CLANG_WARN_DOCUMENTATION_COMMENTS = YES;
				CLANG_WARN_EMPTY_BODY = YES;
				CLANG_WARN_ENUM_CONVERSION = YES;
				CLANG_WARN_INFINITE_RECURSION = YES;
				CLANG_WARN_INT_CONVERSION = YES;
				CLANG_WARN_NON_LITERAL_NULL_CONVERSION = YES;
				CLANG_WARN_OBJC_IMPLICIT_RETAIN_SELF = YES;
				CLANG_WARN_OBJC_LITERAL_CONVERSION = YES;
				CLANG_WARN_OBJC_ROOT_CLASS = YES_ERROR;
				CLANG_WARN_QUOTED_INCLUDE_IN_FRAMEWORK_HEADER = YES;
				CLANG_WARN_RANGE_LOOP_ANALYSIS = YES;
				CLANG_WARN_STRICT_PROTOTYPES = YES;
				CLANG_WARN_SUSPICIOUS_MOVE = YES;
				CLANG_WARN_UNGUARDED_AVAILABILITY = YES_AGGRESSIVE;
				CLANG_WARN_UNREACHABLE_CODE = YES;
				CLANG_WARN__DUPLICATE_METHOD_MATCH = YES;
				COPY_PHASE_STRIP = NO;
				DEBUG_INFORMATION_FORMAT = "dwarf-with-dsym";
				ENABLE_NS_ASSERTIONS = NO;
				ENABLE_STRICT_OBJC_MSGSEND = YES;
				ENABLE_USER_SCRIPT_SANDBOXING = YES;
				GCC_C_LANGUAGE_STANDARD = gnu17;
				GCC_NO_COMMON_BLOCKS = YES;
				GCC_WARN_64_TO_32_BIT_CONVERSION = YES;
				GCC_WARN_ABOUT_RETURN_TYPE = YES_ERROR;
				GCC_WARN_UNDECLARED_SELECTOR = YES;
				GCC_WARN_UNINITIALIZED_AUTOS = YES_AGGRESSIVE;
				GCC_WARN_UNUSED_FUNCTION = YES;
				GCC_WARN_UNUSED_VARIABLE = YES;
				IPHONEOS_DEPLOYMENT_TARGET = 17.0;
				LOCALIZATION_PREFERS_STRING_CATALOGS = YES;
				MTL_ENABLE_DEBUG_INFO = NO;
				MTL_FAST_MATH = YES;
				SDKROOT = iphoneos;
				SWIFT_COMPILATION_MODE = wholemodule;
				VALIDATE_PRODUCT = YES;
			};
			name = Release;
		};
		A1CE7E8E2B29FFC50089D10B /* Debug */ = {
			isa = XCBuildConfiguration;
			buildSettings = {
				ASSETCATALOG_COMPILER_APPICON_NAME = AppIcon;
				ASSETCATALOG_COMPILER_GLOBAL_ACCENT_COLOR_NAME = AccentColor;
				CODE_SIGN_STYLE = Automatic;
				CURRENT_PROJECT_VERSION = 1;
				DEVELOPMENT_ASSET_PATHS = "\"Assignment28-swiftUI-navigation/Preview Content\"";
				DEVELOPMENT_TEAM = PK6XSJ53V5;
				ENABLE_PREVIEWS = YES;
				GENERATE_INFOPLIST_FILE = YES;
				INFOPLIST_KEY_UIApplicationSceneManifest_Generation = YES;
				INFOPLIST_KEY_UIApplicationSupportsIndirectInputEvents = YES;
				INFOPLIST_KEY_UILaunchScreen_Generation = YES;
				INFOPLIST_KEY_UISupportedInterfaceOrientations_iPad = "UIInterfaceOrientationPortrait UIInterfaceOrientationPortraitUpsideDown UIInterfaceOrientationLandscapeLeft UIInterfaceOrientationLandscapeRight";
				INFOPLIST_KEY_UISupportedInterfaceOrientations_iPhone = "UIInterfaceOrientationPortrait UIInterfaceOrientationLandscapeLeft UIInterfaceOrientationLandscapeRight";
				LD_RUNPATH_SEARCH_PATHS = (
					"$(inherited)",
					"@executable_path/Frameworks",
				);
				MARKETING_VERSION = 1.0;
				PRODUCT_BUNDLE_IDENTIFIER = "com.Luka.Assingment28.Assignment28-swiftUI-navigation";
				PRODUCT_NAME = "$(TARGET_NAME)";
				SWIFT_EMIT_LOC_STRINGS = YES;
				SWIFT_VERSION = 5.0;
				TARGETED_DEVICE_FAMILY = "1,2";
			};
			name = Debug;
		};
		A1CE7E8F2B29FFC50089D10B /* Release */ = {
			isa = XCBuildConfiguration;
			buildSettings = {
				ASSETCATALOG_COMPILER_APPICON_NAME = AppIcon;
				ASSETCATALOG_COMPILER_GLOBAL_ACCENT_COLOR_NAME = AccentColor;
				CODE_SIGN_STYLE = Automatic;
				CURRENT_PROJECT_VERSION = 1;
				DEVELOPMENT_ASSET_PATHS = "\"Assignment28-swiftUI-navigation/Preview Content\"";
				DEVELOPMENT_TEAM = PK6XSJ53V5;
				ENABLE_PREVIEWS = YES;
				GENERATE_INFOPLIST_FILE = YES;
				INFOPLIST_KEY_UIApplicationSceneManifest_Generation = YES;
				INFOPLIST_KEY_UIApplicationSupportsIndirectInputEvents = YES;
				INFOPLIST_KEY_UILaunchScreen_Generation = YES;
				INFOPLIST_KEY_UISupportedInterfaceOrientations_iPad = "UIInterfaceOrientationPortrait UIInterfaceOrientationPortraitUpsideDown UIInterfaceOrientationLandscapeLeft UIInterfaceOrientationLandscapeRight";
				INFOPLIST_KEY_UISupportedInterfaceOrientations_iPhone = "UIInterfaceOrientationPortrait UIInterfaceOrientationLandscapeLeft UIInterfaceOrientationLandscapeRight";
				LD_RUNPATH_SEARCH_PATHS = (
					"$(inherited)",
					"@executable_path/Frameworks",
				);
				MARKETING_VERSION = 1.0;
				PRODUCT_BUNDLE_IDENTIFIER = "com.Luka.Assingment28.Assignment28-swiftUI-navigation";
				PRODUCT_NAME = "$(TARGET_NAME)";
				SWIFT_EMIT_LOC_STRINGS = YES;
				SWIFT_VERSION = 5.0;
				TARGETED_DEVICE_FAMILY = "1,2";
			};
			name = Release;
		};
/* End XCBuildConfiguration section */

/* Begin XCConfigurationList section */
		A1CE7E7A2B29FFC40089D10B /* Build configuration list for PBXProject "Assignment28-swiftUI-navigation" */ = {
			isa = XCConfigurationList;
			buildConfigurations = (
				A1CE7E8B2B29FFC50089D10B /* Debug */,
				A1CE7E8C2B29FFC50089D10B /* Release */,
			);
			defaultConfigurationIsVisible = 0;
			defaultConfigurationName = Release;
		};
		A1CE7E8D2B29FFC50089D10B /* Build configuration list for PBXNativeTarget "Assignment28-swiftUI-navigation" */ = {
			isa = XCConfigurationList;
			buildConfigurations = (
				A1CE7E8E2B29FFC50089D10B /* Debug */,
				A1CE7E8F2B29FFC50089D10B /* Release */,
			);
			defaultConfigurationIsVisible = 0;
			defaultConfigurationName = Release;
		};
/* End XCConfigurationList section */

/* Begin XCRemoteSwiftPackageReference section */
		A1CE7E922B2A03540089D10B /* XCRemoteSwiftPackageReference "GenericNetworkLayer" */ = {
			isa = XCRemoteSwiftPackageReference;
			repositoryURL = "https://github.com/luk407/GenericNetworkLayer.git";
			requirement = {
				branch = main;
				kind = branch;
			};
		};
/* End XCRemoteSwiftPackageReference section */

/* Begin XCSwiftPackageProductDependency section */
		A1CE7E932B2A03540089D10B /* GenericNetworkLayer */ = {
			isa = XCSwiftPackageProductDependency;
			package = A1CE7E922B2A03540089D10B /* XCRemoteSwiftPackageReference "GenericNetworkLayer" */;
			productName = GenericNetworkLayer;
		};
/* End XCSwiftPackageProductDependency section */
	};
	rootObject = A1CE7E772B29FFC40089D10B /* Project object */;
}
